
Microsoft Visual Studio Solution File, Format Version 12.00
# Visual Studio Version 17
VisualStudioVersion = 17.0.31903.59
MinimumVisualStudioVersion = 10.0.40219.1
Project("{2150E333-8FDC-42A3-9474-1A3956D46DE8}") = "src", "src", "{827E0CD3-B72D-47B6-A68D-7590B98EB39B}"
EndProject
Project("{FAE04EC0-301F-11D3-BF4B-00C04F79EFBC}") = "SecureRagAgent.Api", "src\SecureRagAgent.Api\SecureRagAgent.Api.csproj", "{FEB97EB5-C8A1-4C29-B144-F9CAED66DA2E}"
EndProject
Project("{FAE04EC0-301F-11D3-BF4B-00C04F79EFBC}") = "SecureRagAgent.Contracts", "src\SecureRagAgent.Contracts\SecureRagAgent.Contracts.csproj", "{9875F726-CAEA-4B6A-B3C7-E207FA2D14F2}"
EndProject
Project("{FAE04EC0-301F-11D3-BF4B-00C04F79EFBC}") = "SecureRagAgent.Application", "src\SecureRagAgent.Application\SecureRagAgent.Application.csproj", "{EEA8F8A2-F750-4393-B810-F3F8C8E43850}"
EndProject
Project("{FAE04EC0-301F-11D3-BF4B-00C04F79EFBC}") = "SecureRagAgent.Domain", "src\SecureRagAgent.Domain\SecureRagAgent.Domain.csproj", "{C265E5F7-757C-4219-BDA9-E2616CA3B7DF}"
EndProject
Project("{FAE04EC0-301F-11D3-BF4B-00C04F79EFBC}") = "SecureRagAgent.Infrastructure", "src\SecureRagAgent.Infrastructure\SecureRagAgent.Infrastructure.csproj", "{F93F1012-FE9B-4E78-98F8-23F4145488DE}"
EndProject
Project("{2150E333-8FDC-42A3-9474-1A3956D46DE8}") = "tests", "tests", "{0AB3BF05-4346-4AA6-1389-037BE0695223}"
EndProject
Project("{FAE04EC0-301F-11D3-BF4B-00C04F79EFBC}") = "SecureRagAgent.UnitTests", "tests\SecureRagAgent.UnitTests\SecureRagAgent.UnitTests.csproj", "{0BFBD9DD-788D-443E-8961-4A7E1BDD298F}"
EndProject
Project("{FAE04EC0-301F-11D3-BF4B-00C04F79EFBC}") = "SecureRagAgent.IntegrationTests", "tests\SecureRagAgent.IntegrationTests\SecureRagAgent.IntegrationTests.csproj", "{0F300DB6-A354-45B0-8334-E70058FD1CBD}"
EndProject
Global
	GlobalSection(SolutionConfigurationPlatforms) = preSolution
		Debug|Any CPU = Debug|Any CPU
		Debug|x64 = Debug|x64
		Debug|x86 = Debug|x86
		Release|Any CPU = Release|Any CPU
		Release|x64 = Release|x64
		Release|x86 = Release|x86
	EndGlobalSection
	GlobalSection(ProjectConfigurationPlatforms) = postSolution
		{FEB97EB5-C8A1-4C29-B144-F9CAED66DA2E}.Debug|Any CPU.ActiveCfg = Debug|Any CPU
		{FEB97EB5-C8A1-4C29-B144-F9CAED66DA2E}.Debug|Any CPU.Build.0 = Debug|Any CPU
		{FEB97EB5-C8A1-4C29-B144-F9CAED66DA2E}.Debug|x64.ActiveCfg = Debug|Any CPU
		{FEB97EB5-C8A1-4C29-B144-F9CAED66DA2E}.Debug|x64.Build.0 = Debug|Any CPU
		{FEB97EB5-C8A1-4C29-B144-F9CAED66DA2E}.Debug|x86.ActiveCfg = Debug|Any CPU
		{FEB97EB5-C8A1-4C29-B144-F9CAED66DA2E}.Debug|x86.Build.0 = Debug|Any CPU
		{FEB97EB5-C8A1-4C29-B144-F9CAED66DA2E}.Release|Any CPU.ActiveCfg = Release|Any CPU
		{FEB97EB5-C8A1-4C29-B144-F9CAED66DA2E}.Release|Any CPU.Build.0 = Release|Any CPU
		{FEB97EB5-C8A1-4C29-B144-F9CAED66DA2E}.Release|x64.ActiveCfg = Release|Any CPU
		{FEB97EB5-C8A1-4C29-B144-F9CAED66DA2E}.Release|x64.Build.0 = Release|Any CPU
		{FEB97EB5-C8A1-4C29-B144-F9CAED66DA2E}.Release|x86.ActiveCfg = Release|Any CPU
		{FEB97EB5-C8A1-4C29-B144-F9CAED66DA2E}.Release|x86.Build.0 = Release|Any CPU
		{9875F726-CAEA-4B6A-B3C7-E207FA2D14F2}.Debug|Any CPU.ActiveCfg = Debug|Any CPU
		{9875F726-CAEA-4B6A-B3C7-E207FA2D14F2}.Debug|Any CPU.Build.0 = Debug|Any CPU
		{9875F726-CAEA-4B6A-B3C7-E207FA2D14F2}.Debug|x64.ActiveCfg = Debug|Any CPU
		{9875F726-CAEA-4B6A-B3C7-E207FA2D14F2}.Debug|x64.Build.0 = Debug|Any CPU
		{9875F726-CAEA-4B6A-B3C7-E207FA2D14F2}.Debug|x86.ActiveCfg = Debug|Any CPU
		{9875F726-CAEA-4B6A-B3C7-E207FA2D14F2}.Debug|x86.Build.0 = Debug|Any CPU
		{9875F726-CAEA-4B6A-B3C7-E207FA2D14F2}.Release|Any CPU.ActiveCfg = Release|Any CPU
		{9875F726-CAEA-4B6A-B3C7-E207FA2D14F2}.Release|Any CPU.Build.0 = Release|Any CPU
		{9875F726-CAEA-4B6A-B3C7-E207FA2D14F2}.Release|x64.ActiveCfg = Release|Any CPU
		{9875F726-CAEA-4B6A-B3C7-E207FA2D14F2}.Release|x64.Build.0 = Release|Any CPU
		{9875F726-CAEA-4B6A-B3C7-E207FA2D14F2}.Release|x86.ActiveCfg = Release|Any CPU
		{9875F726-CAEA-4B6A-B3C7-E207FA2D14F2}.Release|x86.Build.0 = Release|Any CPU
		{EEA8F8A2-F750-4393-B810-F3F8C8E43850}.Debug|Any CPU.ActiveCfg = Debug|Any CPU
		{EEA8F8A2-F750-4393-B810-F3F8C8E43850}.Debug|Any CPU.Build.0 = Debug|Any CPU
		{EEA8F8A2-F750-4393-B810-F3F8C8E43850}.Debug|x64.ActiveCfg = Debug|Any CPU
		{EEA8F8A2-F750-4393-B810-F3F8C8E43850}.Debug|x64.Build.0 = Debug|Any CPU
		{EEA8F8A2-F750-4393-B810-F3F8C8E43850}.Debug|x86.ActiveCfg = Debug|Any CPU
		{EEA8F8A2-F750-4393-B810-F3F8C8E43850}.Debug|x86.Build.0 = Debug|Any CPU
		{EEA8F8A2-F750-4393-B810-F3F8C8E43850}.Release|Any CPU.ActiveCfg = Release|Any CPU
		{EEA8F8A2-F750-4393-B810-F3F8C8E43850}.Release|Any CPU.Build.0 = Release|Any CPU
		{EEA8F8A2-F750-4393-B810-F3F8C8E43850}.Release|x64.ActiveCfg = Release|Any CPU
		{EEA8F8A2-F750-4393-B810-F3F8C8E43850}.Release|x64.Build.0 = Release|Any CPU
		{EEA8F8A2-F750-4393-B810-F3F8C8E43850}.Release|x86.ActiveCfg = Release|Any CPU
		{EEA8F8A2-F750-4393-B810-F3F8C8E43850}.Release|x86.Build.0 = Release|Any CPU
		{C265E5F7-757C-4219-BDA9-E2616CA3B7DF}.Debug|Any CPU.ActiveCfg = Debug|Any CPU
		{C265E5F7-757C-4219-BDA9-E2616CA3B7DF}.Debug|Any CPU.Build.0 = Debug|Any CPU
		{C265E5F7-757C-4219-BDA9-E2616CA3B7DF}.Debug|x64.ActiveCfg = Debug|Any CPU
		{C265E5F7-757C-4219-BDA9-E2616CA3B7DF}.Debug|x64.Build.0 = Debug|Any CPU
		{C265E5F7-757C-4219-BDA9-E2616CA3B7DF}.Debug|x86.ActiveCfg = Debug|Any CPU
		{C265E5F7-757C-4219-BDA9-E2616CA3B7DF}.Debug|x86.Build.0 = Debug|Any CPU
		{C265E5F7-757C-4219-BDA9-E2616CA3B7DF}.Release|Any CPU.ActiveCfg = Release|Any CPU
		{C265E5F7-757C-4219-BDA9-E2616CA3B7DF}.Release|Any CPU.Build.0 = Release|Any CPU
		{C265E5F7-757C-4219-BDA9-E2616CA3B7DF}.Release|x64.ActiveCfg = Release|Any CPU
		{C265E5F7-757C-4219-BDA9-E2616CA3B7DF}.Release|x64.Build.0 = Release|Any CPU
		{C265E5F7-757C-4219-BDA9-E2616CA3B7DF}.Release|x86.ActiveCfg = Release|Any CPU
		{C265E5F7-757C-4219-BDA9-E2616CA3B7DF}.Release|x86.Build.0 = Release|Any CPU
		{F93F1012-FE9B-4E78-98F8-23F4145488DE}.Debug|Any CPU.ActiveCfg = Debug|Any CPU
		{F93F1012-FE9B-4E78-98F8-23F4145488DE}.Debug|Any CPU.Build.0 = Debug|Any CPU
		{F93F1012-FE9B-4E78-98F8-23F4145488DE}.Debug|x64.ActiveCfg = Debug|Any CPU
		{F93F1012-FE9B-4E78-98F8-23F4145488DE}.Debug|x64.Build.0 = Debug|Any CPU
		{F93F1012-FE9B-4E78-98F8-23F4145488DE}.Debug|x86.ActiveCfg = Debug|Any CPU
		{F93F1012-FE9B-4E78-98F8-23F4145488DE}.Debug|x86.Build.0 = Debug|Any CPU
		{F93F1012-FE9B-4E78-98F8-23F4145488DE}.Release|Any CPU.ActiveCfg = Release|Any CPU
		{F93F1012-FE9B-4E78-98F8-23F4145488DE}.Release|Any CPU.Build.0 = Release|Any CPU
		{F93F1012-FE9B-4E78-98F8-23F4145488DE}.Release|x64.ActiveCfg = Release|Any CPU
		{F93F1012-FE9B-4E78-98F8-23F4145488DE}.Release|x64.Build.0 = Release|Any CPU
		{F93F1012-FE9B-4E78-98F8-23F4145488DE}.Release|x86.ActiveCfg = Release|Any CPU
		{F93F1012-FE9B-4E78-98F8-23F4145488DE}.Release|x86.Build.0 = Release|Any CPU
		{0BFBD9DD-788D-443E-8961-4A7E1BDD298F}.Debug|Any CPU.ActiveCfg = Debug|Any CPU
		{0BFBD9DD-788D-443E-8961-4A7E1BDD298F}.Debug|Any CPU.Build.0 = Debug|Any CPU
		{0BFBD9DD-788D-443E-8961-4A7E1BDD298F}.Debug|x64.ActiveCfg = Debug|Any CPU
		{0BFBD9DD-788D-443E-8961-4A7E1BDD298F}.Debug|x64.Build.0 = Debug|Any CPU
		{0BFBD9DD-788D-443E-8961-4A7E1BDD298F}.Debug|x86.ActiveCfg = Debug|Any CPU
		{0BFBD9DD-788D-443E-8961-4A7E1BDD298F}.Debug|x86.Build.0 = Debug|Any CPU
		{0BFBD9DD-788D-443E-8961-4A7E1BDD298F}.Release|Any CPU.ActiveCfg = Release|Any CPU
		{0BFBD9DD-788D-443E-8961-4A7E1BDD298F}.Release|Any CPU.Build.0 = Release|Any CPU
		{0BFBD9DD-788D-443E-8961-4A7E1BDD298F}.Release|x64.ActiveCfg = Release|Any CPU
		{0BFBD9DD-788D-443E-8961-4A7E1BDD298F}.Release|x64.Build.0 = Release|Any CPU
		{0BFBD9DD-788D-443E-8961-4A7E1BDD298F}.Release|x86.ActiveCfg = Release|Any CPU
		{0BFBD9DD-788D-443E-8961-4A7E1BDD298F}.Release|x86.Build.0 = Release|Any CPU
		{0F300DB6-A354-45B0-8334-E70058FD1CBD}.Debug|Any CPU.ActiveCfg = Debug|Any CPU
		{0F300DB6-A354-45B0-8334-E70058FD1CBD}.Debug|Any CPU.Build.0 = Debug|Any CPU
		{0F300DB6-A354-45B0-8334-E70058FD1CBD}.Debug|x64.ActiveCfg = Debug|Any CPU
		{0F300DB6-A354-45B0-8334-E70058FD1CBD}.Debug|x64.Build.0 = Debug|Any CPU
		{0F300DB6-A354-45B0-8334-E70058FD1CBD}.Debug|x86.ActiveCfg = Debug|Any CPU
		{0F300DB6-A354-45B0-8334-E70058FD1CBD}.Debug|x86.Build.0 = Debug|Any CPU
		{0F300DB6-A354-45B0-8334-E70058FD1CBD}.Release|Any CPU.ActiveCfg = Release|Any CPU
		{0F300DB6-A354-45B0-8334-E70058FD1CBD}.Release|Any CPU.Build.0 = Release|Any CPU
		{0F300DB6-A354-45B0-8334-E70058FD1CBD}.Release|x64.ActiveCfg = Release|Any CPU
		{0F300DB6-A354-45B0-8334-E70058FD1CBD}.Release|x64.Build.0 = Release|Any CPU
		{0F300DB6-A354-45B0-8334-E70058FD1CBD}.Release|x86.ActiveCfg = Release|Any CPU
		{0F300DB6-A354-45B0-8334-E70058FD1CBD}.Release|x86.Build.0 = Release|Any CPU
	EndGlobalSection
	GlobalSection(SolutionProperties) = preSolution
		HideSolutionNode = FALSE
	EndGlobalSection
	GlobalSection(NestedProjects) = preSolution
		{FEB97EB5-C8A1-4C29-B144-F9CAED66DA2E} = {827E0CD3-B72D-47B6-A68D-7590B98EB39B}
		{9875F726-CAEA-4B6A-B3C7-E207FA2D14F2} = {827E0CD3-B72D-47B6-A68D-7590B98EB39B}
		{EEA8F8A2-F750-4393-B810-F3F8C8E43850} = {827E0CD3-B72D-47B6-A68D-7590B98EB39B}
		{C265E5F7-757C-4219-BDA9-E2616CA3B7DF} = {827E0CD3-B72D-47B6-A68D-7590B98EB39B}
		{F93F1012-FE9B-4E78-98F8-23F4145488DE} = {827E0CD3-B72D-47B6-A68D-7590B98EB39B}
		{0BFBD9DD-788D-443E-8961-4A7E1BDD298F} = {0AB3BF05-4346-4AA6-1389-037BE0695223}
		{0F300DB6-A354-45B0-8334-E70058FD1CBD} = {0AB3BF05-4346-4AA6-1389-037BE0695223}
	EndGlobalSection
EndGlobal
